// !$*UTF8*$!
{
	archiveVersion = 1;
	classes = {
	};
	objectVersion = 56;
	objects = {

/* Begin PBXBuildFile section */
		54BF9DF12AD8267B0071F4A5 /* AppDelegate.swift in Sources */ = {isa = PBXBuildFile; fileRef = 54BF9DF02AD8267B0071F4A5 /* AppDelegate.swift */; };
		54BF9DF32AD8267B0071F4A5 /* SceneDelegate.swift in Sources */ = {isa = PBXBuildFile; fileRef = 54BF9DF22AD8267B0071F4A5 /* SceneDelegate.swift */; };
		54BF9DF52AD8267B0071F4A5 /* ViewController.swift in Sources */ = {isa = PBXBuildFile; fileRef = 54BF9DF42AD8267B0071F4A5 /* ViewController.swift */; };
		54BF9DF82AD8267B0071F4A5 /* Main.storyboard in Resources */ = {isa = PBXBuildFile; fileRef = 54BF9DF62AD8267B0071F4A5 /* Main.storyboard */; };
		54BF9DFA2AD8267D0071F4A5 /* Assets.xcassets in Resources */ = {isa = PBXBuildFile; fileRef = 54BF9DF92AD8267D0071F4A5 /* Assets.xcassets */; };
		54BF9DFD2AD8267D0071F4A5 /* LaunchScreen.storyboard in Resources */ = {isa = PBXBuildFile; fileRef = 54BF9DFB2AD8267D0071F4A5 /* LaunchScreen.storyboard */; };
		54BF9E082AD8267D0071F4A5 /* Test_ScreenTransactionTests.swift in Sources */ = {isa = PBXBuildFile; fileRef = 54BF9E072AD8267D0071F4A5 /* Test_ScreenTransactionTests.swift */; };
		54BF9E122AD8267D0071F4A5 /* Test_ScreenTransactionUITests.swift in Sources */ = {isa = PBXBuildFile; fileRef = 54BF9E112AD8267D0071F4A5 /* Test_ScreenTransactionUITests.swift */; };
		54BF9E142AD8267D0071F4A5 /* Test_ScreenTransactionUITestsLaunchTests.swift in Sources */ = {isa = PBXBuildFile; fileRef = 54BF9E132AD8267D0071F4A5 /* Test_ScreenTransactionUITestsLaunchTests.swift */; };
/* End PBXBuildFile section */

/* Begin PBXContainerItemProxy section */
		54BF9E042AD8267D0071F4A5 /* PBXContainerItemProxy */ = {
			isa = PBXContainerItemProxy;
			containerPortal = 54BF9DE52AD8267B0071F4A5 /* Project object */;
			proxyType = 1;
			remoteGlobalIDString = 54BF9DEC2AD8267B0071F4A5;
			remoteInfo = "Test-ScreenTransaction";
		};
		54BF9E0E2AD8267D0071F4A5 /* PBXContainerItemProxy */ = {
			isa = PBXContainerItemProxy;
			containerPortal = 54BF9DE52AD8267B0071F4A5 /* Project object */;
			proxyType = 1;
			remoteGlobalIDString = 54BF9DEC2AD8267B0071F4A5;
			remoteInfo = "Test-ScreenTransaction";
		};
/* End PBXContainerItemProxy section */

/* Begin PBXFileReference section */
		54BF9DED2AD8267B0071F4A5 /* Test-ScreenTransaction.app */ = {isa = PBXFileReference; explicitFileType = wrapper.application; includeInIndex = 0; path = "Test-ScreenTransaction.app"; sourceTree = BUILT_PRODUCTS_DIR; };
		54BF9DF02AD8267B0071F4A5 /* AppDelegate.swift */ = {isa = PBXFileReference; lastKnownFileType = sourcecode.swift; path = AppDelegate.swift; sourceTree = "<group>"; };
		54BF9DF22AD8267B0071F4A5 /* SceneDelegate.swift */ = {isa = PBXFileReference; lastKnownFileType = sourcecode.swift; path = SceneDelegate.swift; sourceTree = "<group>"; };
		54BF9DF42AD8267B0071F4A5 /* ViewController.swift */ = {isa = PBXFileReference; lastKnownFileType = sourcecode.swift; path = ViewController.swift; sourceTree = "<group>"; };
		54BF9DF72AD8267B0071F4A5 /* Base */ = {isa = PBXFileReference; lastKnownFileType = file.storyboard; name = Base; path = Base.lproj/Main.storyboard; sourceTree = "<group>"; };
		54BF9DF92AD8267D0071F4A5 /* Assets.xcassets */ = {isa = PBXFileReference; lastKnownFileType = folder.assetcatalog; path = Assets.xcassets; sourceTree = "<group>"; };
		54BF9DFC2AD8267D0071F4A5 /* Base */ = {isa = PBXFileReference; lastKnownFileType = file.storyboard; name = Base; path = Base.lproj/LaunchScreen.storyboard; sourceTree = "<group>"; };
		54BF9DFE2AD8267D0071F4A5 /* Info.plist */ = {isa = PBXFileReference; lastKnownFileType = text.plist.xml; path = Info.plist; sourceTree = "<group>"; };
		54BF9E032AD8267D0071F4A5 /* Test-ScreenTransactionTests.xctest */ = {isa = PBXFileReference; explicitFileType = wrapper.cfbundle; includeInIndex = 0; path = "Test-ScreenTransactionTests.xctest"; sourceTree = BUILT_PRODUCTS_DIR; };
		54BF9E072AD8267D0071F4A5 /* Test_ScreenTransactionTests.swift */ = {isa = PBXFileReference; lastKnownFileType = sourcecode.swift; path = Test_ScreenTransactionTests.swift; sourceTree = "<group>"; };
		54BF9E0D2AD8267D0071F4A5 /* Test-ScreenTransactionUITests.xctest */ = {isa = PBXFileReference; explicitFileType = wrapper.cfbundle; includeInIndex = 0; path = "Test-ScreenTransactionUITests.xctest"; sourceTree = BUILT_PRODUCTS_DIR; };
		54BF9E112AD8267D0071F4A5 /* Test_ScreenTransactionUITests.swift */ = {isa = PBXFileReference; lastKnownFileType = sourcecode.swift; path = Test_ScreenTransactionUITests.swift; sourceTree = "<group>"; };
		54BF9E132AD8267D0071F4A5 /* Test_ScreenTransactionUITestsLaunchTests.swift */ = {isa = PBXFileReference; lastKnownFileType = sourcecode.swift; path = Test_ScreenTransactionUITestsLaunchTests.swift; sourceTree = "<group>"; };
/* End PBXFileReference section */

/* Begin PBXFrameworksBuildPhase section */
		54BF9DEA2AD8267B0071F4A5 /* Frameworks */ = {
			isa = PBXFrameworksBuildPhase;
			buildActionMask = 2147483647;
			files = (
			);
			runOnlyForDeploymentPostprocessing = 0;
		};
		54BF9E002AD8267D0071F4A5 /* Frameworks */ = {
			isa = PBXFrameworksBuildPhase;
			buildActionMask = 2147483647;
			files = (
			);
			runOnlyForDeploymentPostprocessing = 0;
		};
		54BF9E0A2AD8267D0071F4A5 /* Frameworks */ = {
			isa = PBXFrameworksBuildPhase;
			buildActionMask = 2147483647;
			files = (
			);
			runOnlyForDeploymentPostprocessing = 0;
		};
/* End PBXFrameworksBuildPhase section */

/* Begin PBXGroup section */
		54BF9DE42AD8267B0071F4A5 = {
			isa = PBXGroup;
			children = (
				54BF9DEF2AD8267B0071F4A5 /* Test-ScreenTransaction */,
				54BF9E062AD8267D0071F4A5 /* Test-ScreenTransactionTests */,
				54BF9E102AD8267D0071F4A5 /* Test-ScreenTransactionUITests */,
				54BF9DEE2AD8267B0071F4A5 /* Products */,
			);
			sourceTree = "<group>";
		};
		54BF9DEE2AD8267B0071F4A5 /* Products */ = {
			isa = PBXGroup;
			children = (
				54BF9DED2AD8267B0071F4A5 /* Test-ScreenTransaction.app */,
				54BF9E032AD8267D0071F4A5 /* Test-ScreenTransactionTests.xctest */,
				54BF9E0D2AD8267D0071F4A5 /* Test-ScreenTransactionUITests.xctest */,
			);
			name = Products;
			sourceTree = "<group>";
		};
		54BF9DEF2AD8267B0071F4A5 /* Test-ScreenTransaction */ = {
			isa = PBXGroup;
			children = (
				54BF9DF02AD8267B0071F4A5 /* AppDelegate.swift */,
				54BF9DF22AD8267B0071F4A5 /* SceneDelegate.swift */,
				54BF9DF42AD8267B0071F4A5 /* ViewController.swift */,
				54BF9DF62AD8267B0071F4A5 /* Main.storyboard */,
				54BF9DF92AD8267D0071F4A5 /* Assets.xcassets */,
				54BF9DFB2AD8267D0071F4A5 /* LaunchScreen.storyboard */,
				54BF9DFE2AD8267D0071F4A5 /* Info.plist */,
			);
			path = "Test-ScreenTransaction";
			sourceTree = "<group>";
		};
		54BF9E062AD8267D0071F4A5 /* Test-ScreenTransactionTests */ = {
			isa = PBXGroup;
			children = (
				54BF9E072AD8267D0071F4A5 /* Test_ScreenTransactionTests.swift */,
			);
			path = "Test-ScreenTransactionTests";
			sourceTree = "<group>";
		};
		54BF9E102AD8267D0071F4A5 /* Test-ScreenTransactionUITests */ = {
			isa = PBXGroup;
			children = (
				54BF9E112AD8267D0071F4A5 /* Test_ScreenTransactionUITests.swift */,
				54BF9E132AD8267D0071F4A5 /* Test_ScreenTransactionUITestsLaunchTests.swift */,
			);
			path = "Test-ScreenTransactionUITests";
			sourceTree = "<group>";
		};
/* End PBXGroup section */

/* Begin PBXNativeTarget section */
		54BF9DEC2AD8267B0071F4A5 /* Test-ScreenTransaction */ = {
			isa = PBXNativeTarget;
			buildConfigurationList = 54BF9E172AD8267D0071F4A5 /* Build configuration list for PBXNativeTarget "Test-ScreenTransaction" */;
			buildPhases = (
				54BF9DE92AD8267B0071F4A5 /* Sources */,
				54BF9DEA2AD8267B0071F4A5 /* Frameworks */,
				54BF9DEB2AD8267B0071F4A5 /* Resources */,
			);
			buildRules = (
			);
			dependencies = (
			);
			name = "Test-ScreenTransaction";
			productName = "Test-ScreenTransaction";
			productReference = 54BF9DED2AD8267B0071F4A5 /* Test-ScreenTransaction.app */;
			productType = "com.apple.product-type.application";
		};
		54BF9E022AD8267D0071F4A5 /* Test-ScreenTransactionTests */ = {
			isa = PBXNativeTarget;
			buildConfigurationList = 54BF9E1A2AD8267D0071F4A5 /* Build configuration list for PBXNativeTarget "Test-ScreenTransactionTests" */;
			buildPhases = (
				54BF9DFF2AD8267D0071F4A5 /* Sources */,
				54BF9E002AD8267D0071F4A5 /* Frameworks */,
				54BF9E012AD8267D0071F4A5 /* Resources */,
			);
			buildRules = (
			);
			dependencies = (
				54BF9E052AD8267D0071F4A5 /* PBXTargetDependency */,
			);
			name = "Test-ScreenTransactionTests";
			productName = "Test-ScreenTransactionTests";
			productReference = 54BF9E032AD8267D0071F4A5 /* Test-ScreenTransactionTests.xctest */;
			productType = "com.apple.product-type.bundle.unit-test";
		};
		54BF9E0C2AD8267D0071F4A5 /* Test-ScreenTransactionUITests */ = {
			isa = PBXNativeTarget;
			buildConfigurationList = 54BF9E1D2AD8267D0071F4A5 /* Build configuration list for PBXNativeTarget "Test-ScreenTransactionUITests" */;
			buildPhases = (
				54BF9E092AD8267D0071F4A5 /* Sources */,
				54BF9E0A2AD8267D0071F4A5 /* Frameworks */,
				54BF9E0B2AD8267D0071F4A5 /* Resources */,
			);
			buildRules = (
			);
			dependencies = (
				54BF9E0F2AD8267D0071F4A5 /* PBXTargetDependency */,
			);
			name = "Test-ScreenTransactionUITests";
			productName = "Test-ScreenTransactionUITests";
			productReference = 54BF9E0D2AD8267D0071F4A5 /* Test-ScreenTransactionUITests.xctest */;
			productType = "com.apple.product-type.bundle.ui-testing";
		};
/* End PBXNativeTarget section */

/* Begin PBXProject section */
		54BF9DE52AD8267B0071F4A5 /* Project object */ = {
			isa = PBXProject;
			attributes = {
				BuildIndependentTargetsInParallel = 1;
				LastSwiftUpdateCheck = 1500;
				LastUpgradeCheck = 1500;
				TargetAttributes = {
					54BF9DEC2AD8267B0071F4A5 = {
						CreatedOnToolsVersion = 15.0;
					};
					54BF9E022AD8267D0071F4A5 = {
						CreatedOnToolsVersion = 15.0;
						TestTargetID = 54BF9DEC2AD8267B0071F4A5;
					};
					54BF9E0C2AD8267D0071F4A5 = {
						CreatedOnToolsVersion = 15.0;
						TestTargetID = 54BF9DEC2AD8267B0071F4A5;
					};
				};
			};
			buildConfigurationList = 54BF9DE82AD8267B0071F4A5 /* Build configuration list for PBXProject "Test-ScreenTransaction" */;
			compatibilityVersion = "Xcode 14.0";
			developmentRegion = en;
			hasScannedForEncodings = 0;
			knownRegions = (
				en,
				Base,
			);
			mainGroup = 54BF9DE42AD8267B0071F4A5;
			productRefGroup = 54BF9DEE2AD8267B0071F4A5 /* Products */;
			projectDirPath = "";
			projectRoot = "";
			targets = (
				54BF9DEC2AD8267B0071F4A5 /* Test-ScreenTransaction */,
				54BF9E022AD8267D0071F4A5 /* Test-ScreenTransactionTests */,
				54BF9E0C2AD8267D0071F4A5 /* Test-ScreenTransactionUITests */,
			);
		};
/* End PBXProject section */

/* Begin PBXResourcesBuildPhase section */
		54BF9DEB2AD8267B0071F4A5 /* Resources */ = {
			isa = PBXResourcesBuildPhase;
			buildActionMask = 2147483647;
			files = (
				54BF9DFD2AD8267D0071F4A5 /* LaunchScreen.storyboard in Resources */,
				54BF9DFA2AD8267D0071F4A5 /* Assets.xcassets in Resources */,
				54BF9DF82AD8267B0071F4A5 /* Main.storyboard in Resources */,
			);
			runOnlyForDeploymentPostprocessing = 0;
		};
		54BF9E012AD8267D0071F4A5 /* Resources */ = {
			isa = PBXResourcesBuildPhase;
			buildActionMask = 2147483647;
			files = (
			);
			runOnlyForDeploymentPostprocessing = 0;
		};
		54BF9E0B2AD8267D0071F4A5 /* Resources */ = {
			isa = PBXResourcesBuildPhase;
			buildActionMask = 2147483647;
			files = (
			);
			runOnlyForDeploymentPostprocessing = 0;
		};
/* End PBXResourcesBuildPhase section */

/* Begin PBXSourcesBuildPhase section */
		54BF9DE92AD8267B0071F4A5 /* Sources */ = {
			isa = PBXSourcesBuildPhase;
			buildActionMask = 2147483647;
			files = (
				54BF9DF52AD8267B0071F4A5 /* ViewController.swift in Sources */,
				54BF9DF12AD8267B0071F4A5 /* AppDelegate.swift in Sources */,
				54BF9DF32AD8267B0071F4A5 /* SceneDelegate.swift in Sources */,
			);
			runOnlyForDeploymentPostprocessing = 0;
		};
		54BF9DFF2AD8267D0071F4A5 /* Sources */ = {
			isa = PBXSourcesBuildPhase;
			buildActionMask = 2147483647;
			files = (
				54BF9E082AD8267D0071F4A5 /* Test_ScreenTransactionTests.swift in Sources */,
			);
			runOnlyForDeploymentPostprocessing = 0;
		};
		54BF9E092AD8267D0071F4A5 /* Sources */ = {
			isa = PBXSourcesBuildPhase;
			buildActionMask = 2147483647;
			files = (
				54BF9E122AD8267D0071F4A5 /* Test_ScreenTransactionUITests.swift in Sources */,
				54BF9E142AD8267D0071F4A5 /* Test_ScreenTransactionUITestsLaunchTests.swift in Sources */,
			);
			runOnlyForDeploymentPostprocessing = 0;
		};
/* End PBXSourcesBuildPhase section */

/* Begin PBXTargetDependency section */
		54BF9E052AD8267D0071F4A5 /* PBXTargetDependency */ = {
			isa = PBXTargetDependency;
			target = 54BF9DEC2AD8267B0071F4A5 /* Test-ScreenTransaction */;
			targetProxy = 54BF9E042AD8267D0071F4A5 /* PBXContainerItemProxy */;
		};
		54BF9E0F2AD8267D0071F4A5 /* PBXTargetDependency */ = {
			isa = PBXTargetDependency;
			target = 54BF9DEC2AD8267B0071F4A5 /* Test-ScreenTransaction */;
			targetProxy = 54BF9E0E2AD8267D0071F4A5 /* PBXContainerItemProxy */;
		};
/* End PBXTargetDependency section */

/* Begin PBXVariantGroup section */
		54BF9DF62AD8267B0071F4A5 /* Main.storyboard */ = {
			isa = PBXVariantGroup;
			children = (
				54BF9DF72AD8267B0071F4A5 /* Base */,
			);
			name = Main.storyboard;
			sourceTree = "<group>";
		};
		54BF9DFB2AD8267D0071F4A5 /* LaunchScreen.storyboard */ = {
			isa = PBXVariantGroup;
			children = (
				54BF9DFC2AD8267D0071F4A5 /* Base */,
			);
			name = LaunchScreen.storyboard;
			sourceTree = "<group>";
		};
/* End PBXVariantGroup section */

/* Begin XCBuildConfiguration section */
		54BF9E152AD8267D0071F4A5 /* Debug */ = {
			isa = XCBuildConfiguration;
			buildSettings = {
				ALWAYS_SEARCH_USER_PATHS = NO;
				ASSETCATALOG_COMPILER_GENERATE_SWIFT_ASSET_SYMBOL_EXTENSIONS = YES;
				CLANG_ANALYZER_NONNULL = YES;
				CLANG_ANALYZER_NUMBER_OBJECT_CONVERSION = YES_AGGRESSIVE;
				CLANG_CXX_LANGUAGE_STANDARD = "gnu++20";
				CLANG_ENABLE_MODULES = YES;
				CLANG_ENABLE_OBJC_ARC = YES;
				CLANG_ENABLE_OBJC_WEAK = YES;
				CLANG_WARN_BLOCK_CAPTURE_AUTORELEASING = YES;
				CLANG_WARN_BOOL_CONVERSION = YES;
				CLANG_WARN_COMMA = YES;
				CLANG_WARN_CONSTANT_CONVERSION = YES;
				CLANG_WARN_DEPRECATED_OBJC_IMPLEMENTATIONS = YES;
				CLANG_WARN_DIRECT_OBJC_ISA_USAGE = YES_ERROR;
				CLANG_WARN_DOCUMENTATION_COMMENTS = YES;
				CLANG_WARN_EMPTY_BODY = YES;
				CLANG_WARN_ENUM_CONVERSION = YES;
				CLANG_WARN_INFINITE_RECURSION = YES;
				CLANG_WARN_INT_CONVERSION = YES;
				CLANG_WARN_NON_LITERAL_NULL_CONVERSION = YES;
				CLANG_WARN_OBJC_IMPLICIT_RETAIN_SELF = YES;
				CLANG_WARN_OBJC_LITERAL_CONVERSION = YES;
				CLANG_WARN_OBJC_ROOT_CLASS = YES_ERROR;
				CLANG_WARN_QUOTED_INCLUDE_IN_FRAMEWORK_HEADER = YES;
				CLANG_WARN_RANGE_LOOP_ANALYSIS = YES;
				CLANG_WARN_STRICT_PROTOTYPES = YES;
				CLANG_WARN_SUSPICIOUS_MOVE = YES;
				CLANG_WARN_UNGUARDED_AVAILABILITY = YES_AGGRESSIVE;
				CLANG_WARN_UNREACHABLE_CODE = YES;
				CLANG_WARN__DUPLICATE_METHOD_MATCH = YES;
				COPY_PHASE_STRIP = NO;
				DEBUG_INFORMATION_FORMAT = dwarf;
				ENABLE_STRICT_OBJC_MSGSEND = YES;
				ENABLE_TESTABILITY = YES;
				ENABLE_USER_SCRIPT_SANDBOXING = YES;
				GCC_C_LANGUAGE_STANDARD = gnu17;
				GCC_DYNAMIC_NO_PIC = NO;
				GCC_NO_COMMON_BLOCKS = YES;
				GCC_OPTIMIZATION_LEVEL = 0;
				GCC_PREPROCESSOR_DEFINITIONS = (
					"DEBUG=1",
					"$(inherited)",
				);
				GCC_WARN_64_TO_32_BIT_CONVERSION = YES;
				GCC_WARN_ABOUT_RETURN_TYPE = YES_ERROR;
				GCC_WARN_UNDECLARED_SELECTOR = YES;
				GCC_WARN_UNINITIALIZED_AUTOS = YES_AGGRESSIVE;
				GCC_WARN_UNUSED_FUNCTION = YES;
				GCC_WARN_UNUSED_VARIABLE = YES;
				IPHONEOS_DEPLOYMENT_TARGET = 17.0;
				LOCALIZATION_PREFERS_STRING_CATALOGS = YES;
				MTL_ENABLE_DEBUG_INFO = INCLUDE_SOURCE;
				MTL_FAST_MATH = YES;
				ONLY_ACTIVE_ARCH = YES;
				SDKROOT = iphoneos;
				SWIFT_ACTIVE_COMPILATION_CONDITIONS = "DEBUG $(inherited)";
				SWIFT_OPTIMIZATION_LEVEL = "-Onone";
			};
			name = Debug;
		};
		54BF9E162AD8267D0071F4A5 /* Release */ = {
			isa = XCBuildConfiguration;
			buildSettings = {
				ALWAYS_SEARCH_USER_PATHS = NO;
				ASSETCATALOG_COMPILER_GENERATE_SWIFT_ASSET_SYMBOL_EXTENSIONS = YES;
				CLANG_ANALYZER_NONNULL = YES;
				CLANG_ANALYZER_NUMBER_OBJECT_CONVERSION = YES_AGGRESSIVE;
				CLANG_CXX_LANGUAGE_STANDARD = "gnu++20";
				CLANG_ENABLE_MODULES = YES;
				CLANG_ENABLE_OBJC_ARC = YES;
				CLANG_ENABLE_OBJC_WEAK = YES;
				CLANG_WARN_BLOCK_CAPTURE_AUTORELEASING = YES;
				CLANG_WARN_BOOL_CONVERSION = YES;
				CLANG_WARN_COMMA = YES;
				CLANG_WARN_CONSTANT_CONVERSION = YES;
				CLANG_WARN_DEPRECATED_OBJC_IMPLEMENTATIONS = YES;
				CLANG_WARN_DIRECT_OBJC_ISA_USAGE = YES_ERROR;
				CLANG_WARN_DOCUMENTATION_COMMENTS = YES;
				CLANG_WARN_EMPTY_BODY = YES;
				CLANG_WARN_ENUM_CONVERSION = YES;
				CLANG_WARN_INFINITE_RECURSION = YES;
				CLANG_WARN_INT_CONVERSION = YES;
				CLANG_WARN_NON_LITERAL_NULL_CONVERSION = YES;
				CLANG_WARN_OBJC_IMPLICIT_RETAIN_SELF = YES;
				CLANG_WARN_OBJC_LITERAL_CONVERSION = YES;
				CLANG_WARN_OBJC_ROOT_CLASS = YES_ERROR;
				CLANG_WARN_QUOTED_INCLUDE_IN_FRAMEWORK_HEADER = YES;
				CLANG_WARN_RANGE_LOOP_ANALYSIS = YES;
				CLANG_WARN_STRICT_PROTOTYPES = YES;
				CLANG_WARN_SUSPICIOUS_MOVE = YES;
				CLANG_WARN_UNGUARDED_AVAILABILITY = YES_AGGRESSIVE;
				CLANG_WARN_UNREACHABLE_CODE = YES;
				CLANG_WARN__DUPLICATE_METHOD_MATCH = YES;
				COPY_PHASE_STRIP = NO;
				DEBUG_INFORMATION_FORMAT = "dwarf-with-dsym";
				ENABLE_NS_ASSERTIONS = NO;
				ENABLE_STRICT_OBJC_MSGSEND = YES;
				ENABLE_USER_SCRIPT_SANDBOXING = YES;
				GCC_C_LANGUAGE_STANDARD = gnu17;
				GCC_NO_COMMON_BLOCKS = YES;
				GCC_WARN_64_TO_32_BIT_CONVERSION = YES;
				GCC_WARN_ABOUT_RETURN_TYPE = YES_ERROR;
				GCC_WARN_UNDECLARED_SELECTOR = YES;
				GCC_WARN_UNINITIALIZED_AUTOS = YES_AGGRESSIVE;
				GCC_WARN_UNUSED_FUNCTION = YES;
				GCC_WARN_UNUSED_VARIABLE = YES;
				IPHONEOS_DEPLOYMENT_TARGET = 17.0;
				LOCALIZATION_PREFERS_STRING_CATALOGS = YES;
				MTL_ENABLE_DEBUG_INFO = NO;
				MTL_FAST_MATH = YES;
				SDKROOT = iphoneos;
				SWIFT_COMPILATION_MODE = wholemodule;
				VALIDATE_PRODUCT = YES;
			};
			name = Release;
		};
		54BF9E182AD8267D0071F4A5 /* Debug */ = {
			isa = XCBuildConfiguration;
			buildSettings = {
				ASSETCATALOG_COMPILER_APPICON_NAME = AppIcon;
				ASSETCATALOG_COMPILER_GLOBAL_ACCENT_COLOR_NAME = AccentColor;
				CODE_SIGN_STYLE = Automatic;
				CURRENT_PROJECT_VERSION = 1;
				GENERATE_INFOPLIST_FILE = YES;
				INFOPLIST_FILE = "Test-ScreenTransaction/Info.plist";
				INFOPLIST_KEY_UIApplicationSupportsIndirectInputEvents = YES;
				INFOPLIST_KEY_UILaunchStoryboardName = LaunchScreen;
				INFOPLIST_KEY_UIMainStoryboardFile = Main;
				INFOPLIST_KEY_UISupportedInterfaceOrientations_iPad = "UIInterfaceOrientationPortrait UIInterfaceOrientationPortraitUpsideDown UIInterfaceOrientationLandscapeLeft UIInterfaceOrientationLandscapeRight";
				INFOPLIST_KEY_UISupportedInterfaceOrientations_iPhone = "UIInterfaceOrientationPortrait UIInterfaceOrientationLandscapeLeft UIInterfaceOrientationLandscapeRight";
				LD_RUNPATH_SEARCH_PATHS = (
					"$(inherited)",
					"@executable_path/Frameworks",
				);
				MARKETING_VERSION = 1.0;
				PRODUCT_BUNDLE_IDENTIFIER = "com.Test-ScreenTransaction";
				PRODUCT_NAME = "$(TARGET_NAME)";
				SWIFT_EMIT_LOC_STRINGS = YES;
				SWIFT_VERSION = 5.0;
				TARGETED_DEVICE_FAMILY = "1,2";
			};
			name = Debug;
		};
		54BF9E192AD8267D0071F4A5 /* Release */ = {
			isa = XCBuildConfiguration;
			buildSettings = {
				ASSETCATALOG_COMPILER_APPICON_NAME = AppIcon;
				ASSETCATALOG_COMPILER_GLOBAL_ACCENT_COLOR_NAME = AccentColor;
				CODE_SIGN_STYLE = Automatic;
				CURRENT_PROJECT_VERSION = 1;
				GENERATE_INFOPLIST_FILE = YES;
				INFOPLIST_FILE = "Test-ScreenTransaction/Info.plist";
				INFOPLIST_KEY_UIApplicationSupportsIndirectInputEvents = YES;
				INFOPLIST_KEY_UILaunchStoryboardName = LaunchScreen;
				INFOPLIST_KEY_UIMainStoryboardFile = Main;
				INFOPLIST_KEY_UISupportedInterfaceOrientations_iPad = "UIInterfaceOrientationPortrait UIInterfaceOrientationPortraitUpsideDown UIInterfaceOrientationLandscapeLeft UIInterfaceOrientationLandscapeRight";
				INFOPLIST_KEY_UISupportedInterfaceOrientations_iPhone = "UIInterfaceOrientationPortrait UIInterfaceOrientationLandscapeLeft UIInterfaceOrientationLandscapeRight";
				LD_RUNPATH_SEARCH_PATHS = (
					"$(inherited)",
					"@executable_path/Frameworks",
				);
				MARKETING_VERSION = 1.0;
				PRODUCT_BUNDLE_IDENTIFIER = "com.Test-ScreenTransaction";
				PRODUCT_NAME = "$(TARGET_NAME)";
				SWIFT_EMIT_LOC_STRINGS = YES;
				SWIFT_VERSION = 5.0;
				TARGETED_DEVICE_FAMILY = "1,2";
			};
			name = Release;
		};
		54BF9E1B2AD8267D0071F4A5 /* Debug */ = {
			isa = XCBuildConfiguration;
			buildSettings = {
				ALWAYS_EMBED_SWIFT_STANDARD_LIBRARIES = YES;
				BUNDLE_LOADER = "$(TEST_HOST)";
				CODE_SIGN_STYLE = Automatic;
				CURRENT_PROJECT_VERSION = 1;
				GENERATE_INFOPLIST_FILE = YES;
				IPHONEOS_DEPLOYMENT_TARGET = 17.0;
				MARKETING_VERSION = 1.0;
				PRODUCT_BUNDLE_IDENTIFIER = "com.Test-ScreenTransactionTests";
				PRODUCT_NAME = "$(TARGET_NAME)";
				SWIFT_EMIT_LOC_STRINGS = NO;
				SWIFT_VERSION = 5.0;
				TARGETED_DEVICE_FAMILY = "1,2";
				TEST_HOST = "$(BUILT_PRODUCTS_DIR)/Test-ScreenTransaction.app/$(BUNDLE_EXECUTABLE_FOLDER_PATH)/Test-ScreenTransaction";
			};
			name = Debug;
		};
		54BF9E1C2AD8267D0071F4A5 /* Release */ = {
			isa = XCBuildConfiguration;
			buildSettings = {
				ALWAYS_EMBED_SWIFT_STANDARD_LIBRARIES = YES;
				BUNDLE_LOADER = "$(TEST_HOST)";
				CODE_SIGN_STYLE = Automatic;
				CURRENT_PROJECT_VERSION = 1;
				GENERATE_INFOPLIST_FILE = YES;
				IPHONEOS_DEPLOYMENT_TARGET = 17.0;
				MARKETING_VERSION = 1.0;
				PRODUCT_BUNDLE_IDENTIFIER = "com.Test-ScreenTransactionTests";
				PRODUCT_NAME = "$(TARGET_NAME)";
				SWIFT_EMIT_LOC_STRINGS = NO;
				SWIFT_VERSION = 5.0;
				TARGETED_DEVICE_FAMILY = "1,2";
				TEST_HOST = "$(BUILT_PRODUCTS_DIR)/Test-ScreenTransaction.app/$(BUNDLE_EXECUTABLE_FOLDER_PATH)/Test-ScreenTransaction";
			};
			name = Release;
		};
		54BF9E1E2AD8267D0071F4A5 /* Debug */ = {
			isa = XCBuildConfiguration;
			buildSettings = {
				ALWAYS_EMBED_SWIFT_STANDARD_LIBRARIES = YES;
				CODE_SIGN_STYLE = Automatic;
				CURRENT_PROJECT_VERSION = 1;
				GENERATE_INFOPLIST_FILE = YES;
				MARKETING_VERSION = 1.0;
				PRODUCT_BUNDLE_IDENTIFIER = "com.Test-ScreenTransactionUITests";
				PRODUCT_NAME = "$(TARGET_NAME)";
				SWIFT_EMIT_LOC_STRINGS = NO;
				SWIFT_VERSION = 5.0;
				TARGETED_DEVICE_FAMILY = "1,2";
				TEST_TARGET_NAME = "Test-ScreenTransaction";
			};
			name = Debug;
		};
		54BF9E1F2AD8267D0071F4A5 /* Release */ = {
			isa = XCBuildConfiguration;
			buildSettings = {
				ALWAYS_EMBED_SWIFT_STANDARD_LIBRARIES = YES;
				CODE_SIGN_STYLE = Automatic;
				CURRENT_PROJECT_VERSION = 1;
				GENERATE_INFOPLIST_FILE = YES;
				MARKETING_VERSION = 1.0;
				PRODUCT_BUNDLE_IDENTIFIER = "com.Test-ScreenTransactionUITests";
				PRODUCT_NAME = "$(TARGET_NAME)";
				SWIFT_EMIT_LOC_STRINGS = NO;
				SWIFT_VERSION = 5.0;
				TARGETED_DEVICE_FAMILY = "1,2";
				TEST_TARGET_NAME = "Test-ScreenTransaction";
			};
			name = Release;
		};
/* End XCBuildConfiguration section */

/* Begin XCConfigurationList section */
		54BF9DE82AD8267B0071F4A5 /* Build configuration list for PBXProject "Test-ScreenTransaction" */ = {
			isa = XCConfigurationList;
			buildConfigurations = (
				54BF9E152AD8267D0071F4A5 /* Debug */,
				54BF9E162AD8267D0071F4A5 /* Release */,
			);
			defaultConfigurationIsVisible = 0;
			defaultConfigurationName = Release;
		};
		54BF9E172AD8267D0071F4A5 /* Build configuration list for PBXNativeTarget "Test-ScreenTransaction" */ = {
			isa = XCConfigurationList;
			buildConfigurations = (
				54BF9E182AD8267D0071F4A5 /* Debug */,
				54BF9E192AD8267D0071F4A5 /* Release */,
			);
			defaultConfigurationIsVisible = 0;
			defaultConfigurationName = Release;
		};
		54BF9E1A2AD8267D0071F4A5 /* Build configuration list for PBXNativeTarget "Test-ScreenTransactionTests" */ = {
			isa = XCConfigurationList;
			buildConfigurations = (
				54BF9E1B2AD8267D0071F4A5 /* Debug */,
				54BF9E1C2AD8267D0071F4A5 /* Release */,
			);
			defaultConfigurationIsVisible = 0;
			defaultConfigurationName = Release;
		};
		54BF9E1D2AD8267D0071F4A5 /* Build configuration list for PBXNativeTarget "Test-ScreenTransactionUITests" */ = {
			isa = XCConfigurationList;
			buildConfigurations = (
				54BF9E1E2AD8267D0071F4A5 /* Debug */,
				54BF9E1F2AD8267D0071F4A5 /* Release */,
			);
			defaultConfigurationIsVisible = 0;
			defaultConfigurationName = Release;
		};
/* End XCConfigurationList section */
	};
	rootObject = 54BF9DE52AD8267B0071F4A5 /* Project object */;
}
